// !$*UTF8*$!
{
	archiveVersion = 1;
	classes = {
	};
	objectVersion = 56;
	objects = {

/* Begin PBXBuildFile section */
		49866B962B8CFC81007ACA3E /* CustomCalendarApp.swift in Sources */ = {isa = PBXBuildFile; fileRef = 49866B952B8CFC81007ACA3E /* CustomCalendarApp.swift */; };
		49866B982B8CFC81007ACA3E /* CalendarView.swift in Sources */ = {isa = PBXBuildFile; fileRef = 49866B972B8CFC81007ACA3E /* CalendarView.swift */; };
		49866B9A2B8CFC82007ACA3E /* Assets.xcassets in Resources */ = {isa = PBXBuildFile; fileRef = 49866B992B8CFC82007ACA3E /* Assets.xcassets */; };
		49866B9D2B8CFC82007ACA3E /* Preview Assets.xcassets in Resources */ = {isa = PBXBuildFile; fileRef = 49866B9C2B8CFC82007ACA3E /* Preview Assets.xcassets */; };
		49866BA72B8CFC83007ACA3E /* CustomCalendarTests.swift in Sources */ = {isa = PBXBuildFile; fileRef = 49866BA62B8CFC83007ACA3E /* CustomCalendarTests.swift */; };
		49866BB12B8CFC83007ACA3E /* CustomCalendarUITests.swift in Sources */ = {isa = PBXBuildFile; fileRef = 49866BB02B8CFC83007ACA3E /* CustomCalendarUITests.swift */; };
		49866BB32B8CFC83007ACA3E /* CustomCalendarUITestsLaunchTests.swift in Sources */ = {isa = PBXBuildFile; fileRef = 49866BB22B8CFC83007ACA3E /* CustomCalendarUITestsLaunchTests.swift */; };
		49866BC02B8CFEBD007ACA3E /* Date+Extensions.swift in Sources */ = {isa = PBXBuildFile; fileRef = 49866BBF2B8CFEBD007ACA3E /* Date+Extensions.swift */; };
/* End PBXBuildFile section */

/* Begin PBXContainerItemProxy section */
		49866BA32B8CFC83007ACA3E /* PBXContainerItemProxy */ = {
			isa = PBXContainerItemProxy;
			containerPortal = 49866B8A2B8CFC81007ACA3E /* Project object */;
			proxyType = 1;
			remoteGlobalIDString = 49866B912B8CFC81007ACA3E;
			remoteInfo = CustomCalendar;
		};
		49866BAD2B8CFC83007ACA3E /* PBXContainerItemProxy */ = {
			isa = PBXContainerItemProxy;
			containerPortal = 49866B8A2B8CFC81007ACA3E /* Project object */;
			proxyType = 1;
			remoteGlobalIDString = 49866B912B8CFC81007ACA3E;
			remoteInfo = CustomCalendar;
		};
/* End PBXContainerItemProxy section */

/* Begin PBXFileReference section */
		49866B922B8CFC81007ACA3E /* CustomCalendar.app */ = {isa = PBXFileReference; explicitFileType = wrapper.application; includeInIndex = 0; path = CustomCalendar.app; sourceTree = BUILT_PRODUCTS_DIR; };
		49866B952B8CFC81007ACA3E /* CustomCalendarApp.swift */ = {isa = PBXFileReference; lastKnownFileType = sourcecode.swift; path = CustomCalendarApp.swift; sourceTree = "<group>"; };
		49866B972B8CFC81007ACA3E /* CalendarView.swift */ = {isa = PBXFileReference; lastKnownFileType = sourcecode.swift; path = CalendarView.swift; sourceTree = "<group>"; };
		49866B992B8CFC82007ACA3E /* Assets.xcassets */ = {isa = PBXFileReference; lastKnownFileType = folder.assetcatalog; path = Assets.xcassets; sourceTree = "<group>"; };
		49866B9C2B8CFC82007ACA3E /* Preview Assets.xcassets */ = {isa = PBXFileReference; lastKnownFileType = folder.assetcatalog; path = "Preview Assets.xcassets"; sourceTree = "<group>"; };
		49866BA22B8CFC83007ACA3E /* CustomCalendarTests.xctest */ = {isa = PBXFileReference; explicitFileType = wrapper.cfbundle; includeInIndex = 0; path = CustomCalendarTests.xctest; sourceTree = BUILT_PRODUCTS_DIR; };
		49866BA62B8CFC83007ACA3E /* CustomCalendarTests.swift */ = {isa = PBXFileReference; lastKnownFileType = sourcecode.swift; path = CustomCalendarTests.swift; sourceTree = "<group>"; };
		49866BAC2B8CFC83007ACA3E /* CustomCalendarUITests.xctest */ = {isa = PBXFileReference; explicitFileType = wrapper.cfbundle; includeInIndex = 0; path = CustomCalendarUITests.xctest; sourceTree = BUILT_PRODUCTS_DIR; };
		49866BB02B8CFC83007ACA3E /* CustomCalendarUITests.swift */ = {isa = PBXFileReference; lastKnownFileType = sourcecode.swift; path = CustomCalendarUITests.swift; sourceTree = "<group>"; };
		49866BB22B8CFC83007ACA3E /* CustomCalendarUITestsLaunchTests.swift */ = {isa = PBXFileReference; lastKnownFileType = sourcecode.swift; path = CustomCalendarUITestsLaunchTests.swift; sourceTree = "<group>"; };
		49866BBF2B8CFEBD007ACA3E /* Date+Extensions.swift */ = {isa = PBXFileReference; lastKnownFileType = sourcecode.swift; path = "Date+Extensions.swift"; sourceTree = "<group>"; };
/* End PBXFileReference section */

/* Begin PBXFrameworksBuildPhase section */
		49866B8F2B8CFC81007ACA3E /* Frameworks */ = {
			isa = PBXFrameworksBuildPhase;
			buildActionMask = 2147483647;
			files = (
			);
			runOnlyForDeploymentPostprocessing = 0;
		};
		49866B9F2B8CFC83007ACA3E /* Frameworks */ = {
			isa = PBXFrameworksBuildPhase;
			buildActionMask = 2147483647;
			files = (
			);
			runOnlyForDeploymentPostprocessing = 0;
		};
		49866BA92B8CFC83007ACA3E /* Frameworks */ = {
			isa = PBXFrameworksBuildPhase;
			buildActionMask = 2147483647;
			files = (
			);
			runOnlyForDeploymentPostprocessing = 0;
		};
/* End PBXFrameworksBuildPhase section */

/* Begin PBXGroup section */
		49866B892B8CFC81007ACA3E = {
			isa = PBXGroup;
			children = (
				49866B942B8CFC81007ACA3E /* CustomCalendar */,
				49866BA52B8CFC83007ACA3E /* CustomCalendarTests */,
				49866BAF2B8CFC83007ACA3E /* CustomCalendarUITests */,
				49866B932B8CFC81007ACA3E /* Products */,
			);
			sourceTree = "<group>";
		};
		49866B932B8CFC81007ACA3E /* Products */ = {
			isa = PBXGroup;
			children = (
				49866B922B8CFC81007ACA3E /* CustomCalendar.app */,
				49866BA22B8CFC83007ACA3E /* CustomCalendarTests.xctest */,
				49866BAC2B8CFC83007ACA3E /* CustomCalendarUITests.xctest */,
			);
			name = Products;
			sourceTree = "<group>";
		};
		49866B942B8CFC81007ACA3E /* CustomCalendar */ = {
			isa = PBXGroup;
			children = (
				49866B952B8CFC81007ACA3E /* CustomCalendarApp.swift */,
				49866B972B8CFC81007ACA3E /* CalendarView.swift */,
				49866BBF2B8CFEBD007ACA3E /* Date+Extensions.swift */,
				49866B992B8CFC82007ACA3E /* Assets.xcassets */,
				49866B9B2B8CFC82007ACA3E /* Preview Content */,
			);
			path = CustomCalendar;
			sourceTree = "<group>";
		};
		49866B9B2B8CFC82007ACA3E /* Preview Content */ = {
			isa = PBXGroup;
			children = (
				49866B9C2B8CFC82007ACA3E /* Preview Assets.xcassets */,
			);
			path = "Preview Content";
			sourceTree = "<group>";
		};
		49866BA52B8CFC83007ACA3E /* CustomCalendarTests */ = {
			isa = PBXGroup;
			children = (
				49866BA62B8CFC83007ACA3E /* CustomCalendarTests.swift */,
			);
			path = CustomCalendarTests;
			sourceTree = "<group>";
		};
		49866BAF2B8CFC83007ACA3E /* CustomCalendarUITests */ = {
			isa = PBXGroup;
			children = (
				49866BB02B8CFC83007ACA3E /* CustomCalendarUITests.swift */,
				49866BB22B8CFC83007ACA3E /* CustomCalendarUITestsLaunchTests.swift */,
			);
			path = CustomCalendarUITests;
			sourceTree = "<group>";
		};
/* End PBXGroup section */

/* Begin PBXNativeTarget section */
		49866B912B8CFC81007ACA3E /* CustomCalendar */ = {
			isa = PBXNativeTarget;
			buildConfigurationList = 49866BB62B8CFC83007ACA3E /* Build configuration list for PBXNativeTarget "CustomCalendar" */;
			buildPhases = (
				49866B8E2B8CFC81007ACA3E /* Sources */,
				49866B8F2B8CFC81007ACA3E /* Frameworks */,
				49866B902B8CFC81007ACA3E /* Resources */,
			);
			buildRules = (
			);
			dependencies = (
			);
			name = CustomCalendar;
			productName = CustomCalendar;
			productReference = 49866B922B8CFC81007ACA3E /* CustomCalendar.app */;
			productType = "com.apple.product-type.application";
		};
		49866BA12B8CFC83007ACA3E /* CustomCalendarTests */ = {
			isa = PBXNativeTarget;
			buildConfigurationList = 49866BB92B8CFC83007ACA3E /* Build configuration list for PBXNativeTarget "CustomCalendarTests" */;
			buildPhases = (
				49866B9E2B8CFC83007ACA3E /* Sources */,
				49866B9F2B8CFC83007ACA3E /* Frameworks */,
				49866BA02B8CFC83007ACA3E /* Resources */,
			);
			buildRules = (
			);
			dependencies = (
				49866BA42B8CFC83007ACA3E /* PBXTargetDependency */,
			);
			name = CustomCalendarTests;
			productName = CustomCalendarTests;
			productReference = 49866BA22B8CFC83007ACA3E /* CustomCalendarTests.xctest */;
			productType = "com.apple.product-type.bundle.unit-test";
		};
		49866BAB2B8CFC83007ACA3E /* CustomCalendarUITests */ = {
			isa = PBXNativeTarget;
			buildConfigurationList = 49866BBC2B8CFC83007ACA3E /* Build configuration list for PBXNativeTarget "CustomCalendarUITests" */;
			buildPhases = (
				49866BA82B8CFC83007ACA3E /* Sources */,
				49866BA92B8CFC83007ACA3E /* Frameworks */,
				49866BAA2B8CFC83007ACA3E /* Resources */,
			);
			buildRules = (
			);
			dependencies = (
				49866BAE2B8CFC83007ACA3E /* PBXTargetDependency */,
			);
			name = CustomCalendarUITests;
			productName = CustomCalendarUITests;
			productReference = 49866BAC2B8CFC83007ACA3E /* CustomCalendarUITests.xctest */;
			productType = "com.apple.product-type.bundle.ui-testing";
		};
/* End PBXNativeTarget section */

/* Begin PBXProject section */
		49866B8A2B8CFC81007ACA3E /* Project object */ = {
			isa = PBXProject;
			attributes = {
				BuildIndependentTargetsInParallel = 1;
				LastSwiftUpdateCheck = 1520;
				LastUpgradeCheck = 1520;
				TargetAttributes = {
					49866B912B8CFC81007ACA3E = {
						CreatedOnToolsVersion = 15.2;
					};
					49866BA12B8CFC83007ACA3E = {
						CreatedOnToolsVersion = 15.2;
						TestTargetID = 49866B912B8CFC81007ACA3E;
					};
					49866BAB2B8CFC83007ACA3E = {
						CreatedOnToolsVersion = 15.2;
						TestTargetID = 49866B912B8CFC81007ACA3E;
					};
				};
			};
			buildConfigurationList = 49866B8D2B8CFC81007ACA3E /* Build configuration list for PBXProject "CustomCalendar" */;
			compatibilityVersion = "Xcode 14.0";
			developmentRegion = en;
			hasScannedForEncodings = 0;
			knownRegions = (
				en,
				Base,
			);
			mainGroup = 49866B892B8CFC81007ACA3E;
			productRefGroup = 49866B932B8CFC81007ACA3E /* Products */;
			projectDirPath = "";
			projectRoot = "";
			targets = (
				49866B912B8CFC81007ACA3E /* CustomCalendar */,
				49866BA12B8CFC83007ACA3E /* CustomCalendarTests */,
				49866BAB2B8CFC83007ACA3E /* CustomCalendarUITests */,
			);
		};
/* End PBXProject section */

/* Begin PBXResourcesBuildPhase section */
		49866B902B8CFC81007ACA3E /* Resources */ = {
			isa = PBXResourcesBuildPhase;
			buildActionMask = 2147483647;
			files = (
				49866B9D2B8CFC82007ACA3E /* Preview Assets.xcassets in Resources */,
				49866B9A2B8CFC82007ACA3E /* Assets.xcassets in Resources */,
			);
			runOnlyForDeploymentPostprocessing = 0;
		};
		49866BA02B8CFC83007ACA3E /* Resources */ = {
			isa = PBXResourcesBuildPhase;
			buildActionMask = 2147483647;
			files = (
			);
			runOnlyForDeploymentPostprocessing = 0;
		};
		49866BAA2B8CFC83007ACA3E /* Resources */ = {
			isa = PBXResourcesBuildPhase;
			buildActionMask = 2147483647;
			files = (
			);
			runOnlyForDeploymentPostprocessing = 0;
		};
/* End PBXResourcesBuildPhase section */

/* Begin PBXSourcesBuildPhase section */
		49866B8E2B8CFC81007ACA3E /* Sources */ = {
			isa = PBXSourcesBuildPhase;
			buildActionMask = 2147483647;
			files = (
				49866B982B8CFC81007ACA3E /* CalendarView.swift in Sources */,
				49866B962B8CFC81007ACA3E /* CustomCalendarApp.swift in Sources */,
				49866BC02B8CFEBD007ACA3E /* Date+Extensions.swift in Sources */,
			);
			runOnlyForDeploymentPostprocessing = 0;
		};
		49866B9E2B8CFC83007ACA3E /* Sources */ = {
			isa = PBXSourcesBuildPhase;
			buildActionMask = 2147483647;
			files = (
				49866BA72B8CFC83007ACA3E /* CustomCalendarTests.swift in Sources */,
			);
			runOnlyForDeploymentPostprocessing = 0;
		};
		49866BA82B8CFC83007ACA3E /* Sources */ = {
			isa = PBXSourcesBuildPhase;
			buildActionMask = 2147483647;
			files = (
				49866BB12B8CFC83007ACA3E /* CustomCalendarUITests.swift in Sources */,
				49866BB32B8CFC83007ACA3E /* CustomCalendarUITestsLaunchTests.swift in Sources */,
			);
			runOnlyForDeploymentPostprocessing = 0;
		};
/* End PBXSourcesBuildPhase section */

/* Begin PBXTargetDependency section */
		49866BA42B8CFC83007ACA3E /* PBXTargetDependency */ = {
			isa = PBXTargetDependency;
			target = 49866B912B8CFC81007ACA3E /* CustomCalendar */;
			targetProxy = 49866BA32B8CFC83007ACA3E /* PBXContainerItemProxy */;
		};
		49866BAE2B8CFC83007ACA3E /* PBXTargetDependency */ = {
			isa = PBXTargetDependency;
			target = 49866B912B8CFC81007ACA3E /* CustomCalendar */;
			targetProxy = 49866BAD2B8CFC83007ACA3E /* PBXContainerItemProxy */;
		};
/* End PBXTargetDependency section */

/* Begin XCBuildConfiguration section */
		49866BB42B8CFC83007ACA3E /* Debug */ = {
			isa = XCBuildConfiguration;
			buildSettings = {
				ALWAYS_SEARCH_USER_PATHS = NO;
				ASSETCATALOG_COMPILER_GENERATE_SWIFT_ASSET_SYMBOL_EXTENSIONS = YES;
				CLANG_ANALYZER_NONNULL = YES;
				CLANG_ANALYZER_NUMBER_OBJECT_CONVERSION = YES_AGGRESSIVE;
				CLANG_CXX_LANGUAGE_STANDARD = "gnu++20";
				CLANG_ENABLE_MODULES = YES;
				CLANG_ENABLE_OBJC_ARC = YES;
				CLANG_ENABLE_OBJC_WEAK = YES;
				CLANG_WARN_BLOCK_CAPTURE_AUTORELEASING = YES;
				CLANG_WARN_BOOL_CONVERSION = YES;
				CLANG_WARN_COMMA = YES;
				CLANG_WARN_CONSTANT_CONVERSION = YES;
				CLANG_WARN_DEPRECATED_OBJC_IMPLEMENTATIONS = YES;
				CLANG_WARN_DIRECT_OBJC_ISA_USAGE = YES_ERROR;
				CLANG_WARN_DOCUMENTATION_COMMENTS = YES;
				CLANG_WARN_EMPTY_BODY = YES;
				CLANG_WARN_ENUM_CONVERSION = YES;
				CLANG_WARN_INFINITE_RECURSION = YES;
				CLANG_WARN_INT_CONVERSION = YES;
				CLANG_WARN_NON_LITERAL_NULL_CONVERSION = YES;
				CLANG_WARN_OBJC_IMPLICIT_RETAIN_SELF = YES;
				CLANG_WARN_OBJC_LITERAL_CONVERSION = YES;
				CLANG_WARN_OBJC_ROOT_CLASS = YES_ERROR;
				CLANG_WARN_QUOTED_INCLUDE_IN_FRAMEWORK_HEADER = YES;
				CLANG_WARN_RANGE_LOOP_ANALYSIS = YES;
				CLANG_WARN_STRICT_PROTOTYPES = YES;
				CLANG_WARN_SUSPICIOUS_MOVE = YES;
				CLANG_WARN_UNGUARDED_AVAILABILITY = YES_AGGRESSIVE;
				CLANG_WARN_UNREACHABLE_CODE = YES;
				CLANG_WARN__DUPLICATE_METHOD_MATCH = YES;
				COPY_PHASE_STRIP = NO;
				DEBUG_INFORMATION_FORMAT = dwarf;
				ENABLE_STRICT_OBJC_MSGSEND = YES;
				ENABLE_TESTABILITY = YES;
				ENABLE_USER_SCRIPT_SANDBOXING = YES;
				GCC_C_LANGUAGE_STANDARD = gnu17;
				GCC_DYNAMIC_NO_PIC = NO;
				GCC_NO_COMMON_BLOCKS = YES;
				GCC_OPTIMIZATION_LEVEL = 0;
				GCC_PREPROCESSOR_DEFINITIONS = (
					"DEBUG=1",
					"$(inherited)",
				);
				GCC_WARN_64_TO_32_BIT_CONVERSION = YES;
				GCC_WARN_ABOUT_RETURN_TYPE = YES_ERROR;
				GCC_WARN_UNDECLARED_SELECTOR = YES;
				GCC_WARN_UNINITIALIZED_AUTOS = YES_AGGRESSIVE;
				GCC_WARN_UNUSED_FUNCTION = YES;
				GCC_WARN_UNUSED_VARIABLE = YES;
				IPHONEOS_DEPLOYMENT_TARGET = 17.2;
				LOCALIZATION_PREFERS_STRING_CATALOGS = YES;
				MTL_ENABLE_DEBUG_INFO = INCLUDE_SOURCE;
				MTL_FAST_MATH = YES;
				ONLY_ACTIVE_ARCH = YES;
				SDKROOT = iphoneos;
				SWIFT_ACTIVE_COMPILATION_CONDITIONS = "DEBUG $(inherited)";
				SWIFT_OPTIMIZATION_LEVEL = "-Onone";
			};
			name = Debug;
		};
		49866BB52B8CFC83007ACA3E /* Release */ = {
			isa = XCBuildConfiguration;
			buildSettings = {
				ALWAYS_SEARCH_USER_PATHS = NO;
				ASSETCATALOG_COMPILER_GENERATE_SWIFT_ASSET_SYMBOL_EXTENSIONS = YES;
				CLANG_ANALYZER_NONNULL = YES;
				CLANG_ANALYZER_NUMBER_OBJECT_CONVERSION = YES_AGGRESSIVE;
				CLANG_CXX_LANGUAGE_STANDARD = "gnu++20";
				CLANG_ENABLE_MODULES = YES;
				CLANG_ENABLE_OBJC_ARC = YES;
				CLANG_ENABLE_OBJC_WEAK = YES;
				CLANG_WARN_BLOCK_CAPTURE_AUTORELEASING = YES;
				CLANG_WARN_BOOL_CONVERSION = YES;
				CLANG_WARN_COMMA = YES;
				CLANG_WARN_CONSTANT_CONVERSION = YES;
				CLANG_WARN_DEPRECATED_OBJC_IMPLEMENTATIONS = YES;
				CLANG_WARN_DIRECT_OBJC_ISA_USAGE = YES_ERROR;
				CLANG_WARN_DOCUMENTATION_COMMENTS = YES;
				CLANG_WARN_EMPTY_BODY = YES;
				CLANG_WARN_ENUM_CONVERSION = YES;
				CLANG_WARN_INFINITE_RECURSION = YES;
				CLANG_WARN_INT_CONVERSION = YES;
				CLANG_WARN_NON_LITERAL_NULL_CONVERSION = YES;
				CLANG_WARN_OBJC_IMPLICIT_RETAIN_SELF = YES;
				CLANG_WARN_OBJC_LITERAL_CONVERSION = YES;
				CLANG_WARN_OBJC_ROOT_CLASS = YES_ERROR;
				CLANG_WARN_QUOTED_INCLUDE_IN_FRAMEWORK_HEADER = YES;
				CLANG_WARN_RANGE_LOOP_ANALYSIS = YES;
				CLANG_WARN_STRICT_PROTOTYPES = YES;
				CLANG_WARN_SUSPICIOUS_MOVE = YES;
				CLANG_WARN_UNGUARDED_AVAILABILITY = YES_AGGRESSIVE;
				CLANG_WARN_UNREACHABLE_CODE = YES;
				CLANG_WARN__DUPLICATE_METHOD_MATCH = YES;
				COPY_PHASE_STRIP = NO;
				DEBUG_INFORMATION_FORMAT = "dwarf-with-dsym";
				ENABLE_NS_ASSERTIONS = NO;
				ENABLE_STRICT_OBJC_MSGSEND = YES;
				ENABLE_USER_SCRIPT_SANDBOXING = YES;
				GCC_C_LANGUAGE_STANDARD = gnu17;
				GCC_NO_COMMON_BLOCKS = YES;
				GCC_WARN_64_TO_32_BIT_CONVERSION = YES;
				GCC_WARN_ABOUT_RETURN_TYPE = YES_ERROR;
				GCC_WARN_UNDECLARED_SELECTOR = YES;
				GCC_WARN_UNINITIALIZED_AUTOS = YES_AGGRESSIVE;
				GCC_WARN_UNUSED_FUNCTION = YES;
				GCC_WARN_UNUSED_VARIABLE = YES;
				IPHONEOS_DEPLOYMENT_TARGET = 17.2;
				LOCALIZATION_PREFERS_STRING_CATALOGS = YES;
				MTL_ENABLE_DEBUG_INFO = NO;
				MTL_FAST_MATH = YES;
				SDKROOT = iphoneos;
				SWIFT_COMPILATION_MODE = wholemodule;
				VALIDATE_PRODUCT = YES;
			};
			name = Release;
		};
		49866BB72B8CFC83007ACA3E /* Debug */ = {
			isa = XCBuildConfiguration;
			buildSettings = {
				ASSETCATALOG_COMPILER_APPICON_NAME = AppIcon;
				ASSETCATALOG_COMPILER_GLOBAL_ACCENT_COLOR_NAME = AccentColor;
				CODE_SIGN_STYLE = Automatic;
				CURRENT_PROJECT_VERSION = 1;
				DEVELOPMENT_ASSET_PATHS = "\"CustomCalendar/Preview Content\"";
				DEVELOPMENT_TEAM = DR869849C7;
				ENABLE_PREVIEWS = YES;
				GENERATE_INFOPLIST_FILE = YES;
				INFOPLIST_KEY_UIApplicationSceneManifest_Generation = YES;
				INFOPLIST_KEY_UIApplicationSupportsIndirectInputEvents = YES;
				INFOPLIST_KEY_UILaunchScreen_Generation = YES;
				INFOPLIST_KEY_UISupportedInterfaceOrientations_iPad = "UIInterfaceOrientationPortrait UIInterfaceOrientationPortraitUpsideDown UIInterfaceOrientationLandscapeLeft UIInterfaceOrientationLandscapeRight";
				INFOPLIST_KEY_UISupportedInterfaceOrientations_iPhone = "UIInterfaceOrientationPortrait UIInterfaceOrientationLandscapeLeft UIInterfaceOrientationLandscapeRight";
				LD_RUNPATH_SEARCH_PATHS = (
					"$(inherited)",
					"@executable_path/Frameworks",
				);
				MARKETING_VERSION = 1.0;
				PRODUCT_BUNDLE_IDENTIFIER = com.shumbatechllc.co.CustomCalendar;
				PRODUCT_NAME = "$(TARGET_NAME)";
				SWIFT_EMIT_LOC_STRINGS = YES;
				SWIFT_VERSION = 5.0;
				TARGETED_DEVICE_FAMILY = "1,2";
			};
			name = Debug;
		};
		49866BB82B8CFC83007ACA3E /* Release */ = {
			isa = XCBuildConfiguration;
			buildSettings = {
				ASSETCATALOG_COMPILER_APPICON_NAME = AppIcon;
				ASSETCATALOG_COMPILER_GLOBAL_ACCENT_COLOR_NAME = AccentColor;
				CODE_SIGN_STYLE = Automatic;
				CURRENT_PROJECT_VERSION = 1;
				DEVELOPMENT_ASSET_PATHS = "\"CustomCalendar/Preview Content\"";
				DEVELOPMENT_TEAM = DR869849C7;
				ENABLE_PREVIEWS = YES;
				GENERATE_INFOPLIST_FILE = YES;
				INFOPLIST_KEY_UIApplicationSceneManifest_Generation = YES;
				INFOPLIST_KEY_UIApplicationSupportsIndirectInputEvents = YES;
				INFOPLIST_KEY_UILaunchScreen_Generation = YES;
				INFOPLIST_KEY_UISupportedInterfaceOrientations_iPad = "UIInterfaceOrientationPortrait UIInterfaceOrientationPortraitUpsideDown UIInterfaceOrientationLandscapeLeft UIInterfaceOrientationLandscapeRight";
				INFOPLIST_KEY_UISupportedInterfaceOrientations_iPhone = "UIInterfaceOrientationPortrait UIInterfaceOrientationLandscapeLeft UIInterfaceOrientationLandscapeRight";
				LD_RUNPATH_SEARCH_PATHS = (
					"$(inherited)",
					"@executable_path/Frameworks",
				);
				MARKETING_VERSION = 1.0;
				PRODUCT_BUNDLE_IDENTIFIER = com.shumbatechllc.co.CustomCalendar;
				PRODUCT_NAME = "$(TARGET_NAME)";
				SWIFT_EMIT_LOC_STRINGS = YES;
				SWIFT_VERSION = 5.0;
				TARGETED_DEVICE_FAMILY = "1,2";
			};
			name = Release;
		};
		49866BBA2B8CFC83007ACA3E /* Debug */ = {
			isa = XCBuildConfiguration;
			buildSettings = {
				ALWAYS_EMBED_SWIFT_STANDARD_LIBRARIES = YES;
				BUNDLE_LOADER = "$(TEST_HOST)";
				CODE_SIGN_STYLE = Automatic;
				CURRENT_PROJECT_VERSION = 1;
				DEVELOPMENT_TEAM = DR869849C7;
				GENERATE_INFOPLIST_FILE = YES;
				IPHONEOS_DEPLOYMENT_TARGET = 17.2;
				MARKETING_VERSION = 1.0;
				PRODUCT_BUNDLE_IDENTIFIER = com.shumbatechllc.co.CustomCalendarTests;
				PRODUCT_NAME = "$(TARGET_NAME)";
				SWIFT_EMIT_LOC_STRINGS = NO;
				SWIFT_VERSION = 5.0;
				TARGETED_DEVICE_FAMILY = "1,2";
				TEST_HOST = "$(BUILT_PRODUCTS_DIR)/CustomCalendar.app/$(BUNDLE_EXECUTABLE_FOLDER_PATH)/CustomCalendar";
			};
			name = Debug;
		};
		49866BBB2B8CFC83007ACA3E /* Release */ = {
			isa = XCBuildConfiguration;
			buildSettings = {
				ALWAYS_EMBED_SWIFT_STANDARD_LIBRARIES = YES;
				BUNDLE_LOADER = "$(TEST_HOST)";
				CODE_SIGN_STYLE = Automatic;
				CURRENT_PROJECT_VERSION = 1;
				DEVELOPMENT_TEAM = DR869849C7;
				GENERATE_INFOPLIST_FILE = YES;
				IPHONEOS_DEPLOYMENT_TARGET = 17.2;
				MARKETING_VERSION = 1.0;
				PRODUCT_BUNDLE_IDENTIFIER = com.shumbatechllc.co.CustomCalendarTests;
				PRODUCT_NAME = "$(TARGET_NAME)";
				SWIFT_EMIT_LOC_STRINGS = NO;
				SWIFT_VERSION = 5.0;
				TARGETED_DEVICE_FAMILY = "1,2";
				TEST_HOST = "$(BUILT_PRODUCTS_DIR)/CustomCalendar.app/$(BUNDLE_EXECUTABLE_FOLDER_PATH)/CustomCalendar";
			};
			name = Release;
		};
		49866BBD2B8CFC83007ACA3E /* Debug */ = {
			isa = XCBuildConfiguration;
			buildSettings = {
				ALWAYS_EMBED_SWIFT_STANDARD_LIBRARIES = YES;
				CODE_SIGN_STYLE = Automatic;
				CURRENT_PROJECT_VERSION = 1;
				DEVELOPMENT_TEAM = DR869849C7;
				GENERATE_INFOPLIST_FILE = YES;
				MARKETING_VERSION = 1.0;
				PRODUCT_BUNDLE_IDENTIFIER = com.shumbatechllc.co.CustomCalendarUITests;
				PRODUCT_NAME = "$(TARGET_NAME)";
				SWIFT_EMIT_LOC_STRINGS = NO;
				SWIFT_VERSION = 5.0;
				TARGETED_DEVICE_FAMILY = "1,2";
				TEST_TARGET_NAME = CustomCalendar;
			};
			name = Debug;
		};
		49866BBE2B8CFC83007ACA3E /* Release */ = {
			isa = XCBuildConfiguration;
			buildSettings = {
				ALWAYS_EMBED_SWIFT_STANDARD_LIBRARIES = YES;
				CODE_SIGN_STYLE = Automatic;
				CURRENT_PROJECT_VERSION = 1;
				DEVELOPMENT_TEAM = DR869849C7;
				GENERATE_INFOPLIST_FILE = YES;
				MARKETING_VERSION = 1.0;
				PRODUCT_BUNDLE_IDENTIFIER = com.shumbatechllc.co.CustomCalendarUITests;
				PRODUCT_NAME = "$(TARGET_NAME)";
				SWIFT_EMIT_LOC_STRINGS = NO;
				SWIFT_VERSION = 5.0;
				TARGETED_DEVICE_FAMILY = "1,2";
				TEST_TARGET_NAME = CustomCalendar;
			};
			name = Release;
		};
/* End XCBuildConfiguration section */

/* Begin XCConfigurationList section */
		49866B8D2B8CFC81007ACA3E /* Build configuration list for PBXProject "CustomCalendar" */ = {
			isa = XCConfigurationList;
			buildConfigurations = (
				49866BB42B8CFC83007ACA3E /* Debug */,
				49866BB52B8CFC83007ACA3E /* Release */,
			);
			defaultConfigurationIsVisible = 0;
			defaultConfigurationName = Release;
		};
		49866BB62B8CFC83007ACA3E /* Build configuration list for PBXNativeTarget "CustomCalendar" */ = {
			isa = XCConfigurationList;
			buildConfigurations = (
				49866BB72B8CFC83007ACA3E /* Debug */,
				49866BB82B8CFC83007ACA3E /* Release */,
			);
			defaultConfigurationIsVisible = 0;
			defaultConfigurationName = Release;
		};
		49866BB92B8CFC83007ACA3E /* Build configuration list for PBXNativeTarget "CustomCalendarTests" */ = {
			isa = XCConfigurationList;
			buildConfigurations = (
				49866BBA2B8CFC83007ACA3E /* Debug */,
				49866BBB2B8CFC83007ACA3E /* Release */,
			);
			defaultConfigurationIsVisible = 0;
			defaultConfigurationName = Release;
		};
		49866BBC2B8CFC83007ACA3E /* Build configuration list for PBXNativeTarget "CustomCalendarUITests" */ = {
			isa = XCConfigurationList;
			buildConfigurations = (
				49866BBD2B8CFC83007ACA3E /* Debug */,
				49866BBE2B8CFC83007ACA3E /* Release */,
			);
			defaultConfigurationIsVisible = 0;
			defaultConfigurationName = Release;
		};
/* End XCConfigurationList section */
	};
	rootObject = 49866B8A2B8CFC81007ACA3E /* Project object */;
}
